// !$*UTF8*$!
{
	archiveVersion = 1;
	classes = {
	};
	objectVersion = 46;
	objects = {

/* Begin PBXBuildFile section */
		7880AF441E17C127009D863A /* clause27_minimizing_cast.cpp in Sources */ = {isa = PBXBuildFile; fileRef = 7880AF431E17C127009D863A /* clause27_minimizing_cast.cpp */; };
		788C5CB61E0FED5100F4032C /* leetcode_67_add_binary.cpp in Sources */ = {isa = PBXBuildFile; fileRef = 788C5CB41E0FED5100F4032C /* leetcode_67_add_binary.cpp */; };
		788C5CB91E0FF96600F4032C /* leetcode_83_rm_duplicate_from_sorted_list.cpp in Sources */ = {isa = PBXBuildFile; fileRef = 788C5CB71E0FF96600F4032C /* leetcode_83_rm_duplicate_from_sorted_list.cpp */; };
		788C5CBC1E10014B00F4032C /* leetcode88_merge_sorted_array.cpp in Sources */ = {isa = PBXBuildFile; fileRef = 788C5CBA1E10014B00F4032C /* leetcode88_merge_sorted_array.cpp */; };
		788C5CBF1E1010CB00F4032C /* leetcode100_same_tree.cpp in Sources */ = {isa = PBXBuildFile; fileRef = 788C5CBD1E1010CB00F4032C /* leetcode100_same_tree.cpp */; };
		789D0C221E02EFBA0027EDB6 /* main.cpp in Sources */ = {isa = PBXBuildFile; fileRef = 789D0C211E02EFBA0027EDB6 /* main.cpp */; };
		789D0C2D1E02F1960027EDB6 /* leetcode_XXX.cpp in Sources */ = {isa = PBXBuildFile; fileRef = 789D0C2B1E02F1960027EDB6 /* leetcode_XXX.cpp */; };
		789D0C301E02F58C0027EDB6 /* leetcode_12_interger_to_roman.cpp in Sources */ = {isa = PBXBuildFile; fileRef = 789D0C2E1E02F58C0027EDB6 /* leetcode_12_interger_to_roman.cpp */; };
/* End PBXBuildFile section */

/* Begin PBXCopyFilesBuildPhase section */
		789D0C1C1E02EFBA0027EDB6 /* CopyFiles */ = {
			isa = PBXCopyFilesBuildPhase;
			buildActionMask = 2147483647;
			dstPath = /usr/share/man/man1/;
			dstSubfolderSpec = 0;
			files = (
			);
			runOnlyForDeploymentPostprocessing = 1;
		};
/* End PBXCopyFilesBuildPhase section */

/* Begin PBXFileReference section */
		7880AF431E17C127009D863A /* clause27_minimizing_cast.cpp */ = {isa = PBXFileReference; fileEncoding = 4; lastKnownFileType = sourcecode.cpp.cpp; name = clause27_minimizing_cast.cpp; path = "effective_c++/clause27_minimizing_cast.cpp"; sourceTree = "<group>"; };
		788C5CB41E0FED5100F4032C /* leetcode_67_add_binary.cpp */ = {isa = PBXFileReference; fileEncoding = 4; lastKnownFileType = sourcecode.cpp.cpp; path = leetcode_67_add_binary.cpp; sourceTree = "<group>"; };
		788C5CB51E0FED5100F4032C /* leetcode_67_add_binary.hpp */ = {isa = PBXFileReference; fileEncoding = 4; lastKnownFileType = sourcecode.cpp.h; path = leetcode_67_add_binary.hpp; sourceTree = "<group>"; };
		788C5CB71E0FF96600F4032C /* leetcode_83_rm_duplicate_from_sorted_list.cpp */ = {isa = PBXFileReference; fileEncoding = 4; lastKnownFileType = sourcecode.cpp.cpp; path = leetcode_83_rm_duplicate_from_sorted_list.cpp; sourceTree = "<group>"; };
		788C5CB81E0FF96600F4032C /* leetcode_83_rm_duplicate_from_sorted_list.hpp */ = {isa = PBXFileReference; fileEncoding = 4; lastKnownFileType = sourcecode.cpp.h; path = leetcode_83_rm_duplicate_from_sorted_list.hpp; sourceTree = "<group>"; };
		788C5CBA1E10014B00F4032C /* leetcode88_merge_sorted_array.cpp */ = {isa = PBXFileReference; fileEncoding = 4; lastKnownFileType = sourcecode.cpp.cpp; path = leetcode88_merge_sorted_array.cpp; sourceTree = "<group>"; };
		788C5CBB1E10014B00F4032C /* leetcode88_merge_sorted_array.hpp */ = {isa = PBXFileReference; fileEncoding = 4; lastKnownFileType = sourcecode.cpp.h; path = leetcode88_merge_sorted_array.hpp; sourceTree = "<group>"; };
		788C5CBD1E1010CB00F4032C /* leetcode100_same_tree.cpp */ = {isa = PBXFileReference; fileEncoding = 4; lastKnownFileType = sourcecode.cpp.cpp; path = leetcode100_same_tree.cpp; sourceTree = "<group>"; };
		788C5CBE1E1010CB00F4032C /* leetcode100_same_tree.hpp */ = {isa = PBXFileReference; fileEncoding = 4; lastKnownFileType = sourcecode.cpp.h; path = leetcode100_same_tree.hpp; sourceTree = "<group>"; };
		789D0C1E1E02EFBA0027EDB6 /* sharpenyourself */ = {isa = PBXFileReference; explicitFileType = "compiled.mach-o.executable"; includeInIndex = 0; path = sharpenyourself; sourceTree = BUILT_PRODUCTS_DIR; };
		789D0C211E02EFBA0027EDB6 /* main.cpp */ = {isa = PBXFileReference; lastKnownFileType = sourcecode.cpp.cpp; path = main.cpp; sourceTree = "<group>"; };
		789D0C291E02F0810027EDB6 /* function_interface.hpp */ = {isa = PBXFileReference; fileEncoding = 4; lastKnownFileType = sourcecode.cpp.h; path = function_interface.hpp; sourceTree = "<group>"; };
		789D0C2B1E02F1960027EDB6 /* leetcode_XXX.cpp */ = {isa = PBXFileReference; fileEncoding = 4; lastKnownFileType = sourcecode.cpp.cpp; path = leetcode_XXX.cpp; sourceTree = "<group>"; };
		789D0C2C1E02F1960027EDB6 /* leetcode_XXX.hpp */ = {isa = PBXFileReference; fileEncoding = 4; lastKnownFileType = sourcecode.cpp.h; path = leetcode_XXX.hpp; sourceTree = "<group>"; };
		789D0C2E1E02F58C0027EDB6 /* leetcode_12_interger_to_roman.cpp */ = {isa = PBXFileReference; fileEncoding = 4; lastKnownFileType = sourcecode.cpp.cpp; path = leetcode_12_interger_to_roman.cpp; sourceTree = "<group>"; };
		789D0C2F1E02F58C0027EDB6 /* leetcode_12_interger_to_roman.hpp */ = {isa = PBXFileReference; fileEncoding = 4; lastKnownFileType = sourcecode.cpp.h; path = leetcode_12_interger_to_roman.hpp; sourceTree = "<group>"; };
		789F4A561E12B4050013C693 /* effective_c++ */ = {isa = PBXFileReference; lastKnownFileType = folder; name = "effective_c++"; path = "sharpenyourself/effective_c++"; sourceTree = "<group>"; };
		789F4A581E12B4440013C693 /* effective_c++ */ = {isa = PBXFileReference; lastKnownFileType = folder; path = "effective_c++"; sourceTree = "<group>"; };
/* End PBXFileReference section */

/* Begin PBXFrameworksBuildPhase section */
		789D0C1B1E02EFBA0027EDB6 /* Frameworks */ = {
			isa = PBXFrameworksBuildPhase;
			buildActionMask = 2147483647;
			files = (
			);
			runOnlyForDeploymentPostprocessing = 0;
		};
/* End PBXFrameworksBuildPhase section */

/* Begin PBXGroup section */
		789D0C151E02EFBA0027EDB6 = {
			isa = PBXGroup;
			children = (
				789D0C201E02EFBA0027EDB6 /* sharpenyourself */,
				789D0C1F1E02EFBA0027EDB6 /* Products */,
				789F4A561E12B4050013C693 /* effective_c++ */,
			);
			sourceTree = "<group>";
		};
		789D0C1F1E02EFBA0027EDB6 /* Products */ = {
			isa = PBXGroup;
			children = (
				789D0C1E1E02EFBA0027EDB6 /* sharpenyourself */,
			);
			name = Products;
			sourceTree = "<group>";
		};
		789D0C201E02EFBA0027EDB6 /* sharpenyourself */ = {
			isa = PBXGroup;
			children = (
				789F4A581E12B4440013C693 /* effective_c++ */,
				789D0C211E02EFBA0027EDB6 /* main.cpp */,
				789D0C291E02F0810027EDB6 /* function_interface.hpp */,
				789D0C2B1E02F1960027EDB6 /* leetcode_XXX.cpp */,
				789D0C2C1E02F1960027EDB6 /* leetcode_XXX.hpp */,
				789D0C2E1E02F58C0027EDB6 /* leetcode_12_interger_to_roman.cpp */,
				789D0C2F1E02F58C0027EDB6 /* leetcode_12_interger_to_roman.hpp */,
				788C5CB41E0FED5100F4032C /* leetcode_67_add_binary.cpp */,
				788C5CB51E0FED5100F4032C /* leetcode_67_add_binary.hpp */,
				788C5CB71E0FF96600F4032C /* leetcode_83_rm_duplicate_from_sorted_list.cpp */,
				788C5CB81E0FF96600F4032C /* leetcode_83_rm_duplicate_from_sorted_list.hpp */,
				788C5CBA1E10014B00F4032C /* leetcode88_merge_sorted_array.cpp */,
				788C5CBB1E10014B00F4032C /* leetcode88_merge_sorted_array.hpp */,
				788C5CBD1E1010CB00F4032C /* leetcode100_same_tree.cpp */,
				788C5CBE1E1010CB00F4032C /* leetcode100_same_tree.hpp */,
				7880AF431E17C127009D863A /* clause27_minimizing_cast.cpp */,
			);
			path = sharpenyourself;
			sourceTree = "<group>";
		};
/* End PBXGroup section */

/* Begin PBXNativeTarget section */
		789D0C1D1E02EFBA0027EDB6 /* sharpenyourself */ = {
			isa = PBXNativeTarget;
			buildConfigurationList = 789D0C251E02EFBA0027EDB6 /* Build configuration list for PBXNativeTarget "sharpenyourself" */;
			buildPhases = (
				789D0C1A1E02EFBA0027EDB6 /* Sources */,
				789D0C1B1E02EFBA0027EDB6 /* Frameworks */,
				789D0C1C1E02EFBA0027EDB6 /* CopyFiles */,
			);
			buildRules = (
			);
			dependencies = (
			);
			name = sharpenyourself;
			productName = sharpenyourself;
			productReference = 789D0C1E1E02EFBA0027EDB6 /* sharpenyourself */;
			productType = "com.apple.product-type.tool";
		};
/* End PBXNativeTarget section */

/* Begin PBXProject section */
		789D0C161E02EFBA0027EDB6 /* Project object */ = {
			isa = PBXProject;
			attributes = {
				LastUpgradeCheck = 0810;
				ORGANIZATIONNAME = "zhu-liang";
				TargetAttributes = {
					789D0C1D1E02EFBA0027EDB6 = {
						CreatedOnToolsVersion = 8.1;
						ProvisioningStyle = Automatic;
					};
				};
			};
			buildConfigurationList = 789D0C191E02EFBA0027EDB6 /* Build configuration list for PBXProject "sharpenyourself" */;
			compatibilityVersion = "Xcode 3.2";
			developmentRegion = English;
			hasScannedForEncodings = 0;
			knownRegions = (
				en,
			);
			mainGroup = 789D0C151E02EFBA0027EDB6;
			productRefGroup = 789D0C1F1E02EFBA0027EDB6 /* Products */;
			projectDirPath = "";
			projectRoot = "";
			targets = (
				789D0C1D1E02EFBA0027EDB6 /* sharpenyourself */,
			);
		};
/* End PBXProject section */

/* Begin PBXSourcesBuildPhase section */
		789D0C1A1E02EFBA0027EDB6 /* Sources */ = {
			isa = PBXSourcesBuildPhase;
			buildActionMask = 2147483647;
			files = (
				788C5CBF1E1010CB00F4032C /* leetcode100_same_tree.cpp in Sources */,
				788C5CB61E0FED5100F4032C /* leetcode_67_add_binary.cpp in Sources */,
				7880AF441E17C127009D863A /* clause27_minimizing_cast.cpp in Sources */,
				789D0C221E02EFBA0027EDB6 /* main.cpp in Sources */,
				789D0C301E02F58C0027EDB6 /* leetcode_12_interger_to_roman.cpp in Sources */,
				788C5CB91E0FF96600F4032C /* leetcode_83_rm_duplicate_from_sorted_list.cpp in Sources */,
				788C5CBC1E10014B00F4032C /* leetcode88_merge_sorted_array.cpp in Sources */,
				789D0C2D1E02F1960027EDB6 /* leetcode_XXX.cpp in Sources */,
			);
			runOnlyForDeploymentPostprocessing = 0;
		};
/* End PBXSourcesBuildPhase section */

/* Begin XCBuildConfiguration section */
		789D0C231E02EFBA0027EDB6 /* Debug */ = {
			isa = XCBuildConfiguration;
			buildSettings = {
				ALWAYS_SEARCH_USER_PATHS = NO;
				CLANG_ANALYZER_NONNULL = YES;
				CLANG_CXX_LANGUAGE_STANDARD = "gnu++0x";
				CLANG_CXX_LIBRARY = "libc++";
				CLANG_ENABLE_MODULES = YES;
				CLANG_ENABLE_OBJC_ARC = YES;
				CLANG_WARN_BOOL_CONVERSION = YES;
				CLANG_WARN_CONSTANT_CONVERSION = YES;
				CLANG_WARN_DIRECT_OBJC_ISA_USAGE = YES_ERROR;
				CLANG_WARN_DOCUMENTATION_COMMENTS = YES;
				CLANG_WARN_EMPTY_BODY = YES;
				CLANG_WARN_ENUM_CONVERSION = YES;
				CLANG_WARN_INFINITE_RECURSION = YES;
				CLANG_WARN_INT_CONVERSION = YES;
				CLANG_WARN_OBJC_ROOT_CLASS = YES_ERROR;
				CLANG_WARN_SUSPICIOUS_MOVES = YES;
				CLANG_WARN_UNREACHABLE_CODE = YES;
				CLANG_WARN__DUPLICATE_METHOD_MATCH = YES;
				CODE_SIGN_IDENTITY = "-";
				COPY_PHASE_STRIP = NO;
				DEBUG_INFORMATION_FORMAT = dwarf;
				ENABLE_STRICT_OBJC_MSGSEND = YES;
				ENABLE_TESTABILITY = YES;
				GCC_C_LANGUAGE_STANDARD = gnu99;
				GCC_DYNAMIC_NO_PIC = NO;
				GCC_NO_COMMON_BLOCKS = YES;
				GCC_OPTIMIZATION_LEVEL = 0;
				GCC_PREPROCESSOR_DEFINITIONS = (
					"DEBUG=1",
					"$(inherited)",
				);
				GCC_WARN_64_TO_32_BIT_CONVERSION = YES;
				GCC_WARN_ABOUT_RETURN_TYPE = YES_ERROR;
				GCC_WARN_UNDECLARED_SELECTOR = YES;
				GCC_WARN_UNINITIALIZED_AUTOS = YES_AGGRESSIVE;
				GCC_WARN_UNUSED_FUNCTION = YES;
				GCC_WARN_UNUSED_VARIABLE = YES;
				MACOSX_DEPLOYMENT_TARGET = 10.11;
				MTL_ENABLE_DEBUG_INFO = YES;
				ONLY_ACTIVE_ARCH = YES;
				SDKROOT = macosx;
			};
			name = Debug;
		};
		789D0C241E02EFBA0027EDB6 /* Release */ = {
			isa = XCBuildConfiguration;
			buildSettings = {
				ALWAYS_SEARCH_USER_PATHS = NO;
				CLANG_ANALYZER_NONNULL = YES;
				CLANG_CXX_LANGUAGE_STANDARD = "gnu++0x";
				CLANG_CXX_LIBRARY = "libc++";
				CLANG_ENABLE_MODULES = YES;
				CLANG_ENABLE_OBJC_ARC = YES;
				CLANG_WARN_BOOL_CONVERSION = YES;
				CLANG_WARN_CONSTANT_CONVERSION = YES;
				CLANG_WARN_DIRECT_OBJC_ISA_USAGE = YES_ERROR;
				CLANG_WARN_DOCUMENTATION_COMMENTS = YES;
				CLANG_WARN_EMPTY_BODY = YES;
				CLANG_WARN_ENUM_CONVERSION = YES;
				CLANG_WARN_INFINITE_RECURSION = YES;
				CLANG_WARN_INT_CONVERSION = YES;
				CLANG_WARN_OBJC_ROOT_CLASS = YES_ERROR;
				CLANG_WARN_SUSPICIOUS_MOVES = YES;
				CLANG_WARN_UNREACHABLE_CODE = YES;
				CLANG_WARN__DUPLICATE_METHOD_MATCH = YES;
				CODE_SIGN_IDENTITY = "-";
				COPY_PHASE_STRIP = NO;
				DEBUG_INFORMATION_FORMAT = "dwarf-with-dsym";
				ENABLE_NS_ASSERTIONS = NO;
				ENABLE_STRICT_OBJC_MSGSEND = YES;
				GCC_C_LANGUAGE_STANDARD = gnu99;
				GCC_NO_COMMON_BLOCKS = YES;
				GCC_WARN_64_TO_32_BIT_CONVERSION = YES;
				GCC_WARN_ABOUT_RETURN_TYPE = YES_ERROR;
				GCC_WARN_UNDECLARED_SELECTOR = YES;
				GCC_WARN_UNINITIALIZED_AUTOS = YES_AGGRESSIVE;
				GCC_WARN_UNUSED_FUNCTION = YES;
				GCC_WARN_UNUSED_VARIABLE = YES;
				MACOSX_DEPLOYMENT_TARGET = 10.11;
				MTL_ENABLE_DEBUG_INFO = NO;
				SDKROOT = macosx;
			};
			name = Release;
		};
		789D0C261E02EFBA0027EDB6 /* Debug */ = {
			isa = XCBuildConfiguration;
			buildSettings = {
				PRODUCT_NAME = "$(TARGET_NAME)";
			};
			name = Debug;
		};
		789D0C271E02EFBA0027EDB6 /* Release */ = {
			isa = XCBuildConfiguration;
			buildSettings = {
				PRODUCT_NAME = "$(TARGET_NAME)";
			};
			name = Release;
		};
/* End XCBuildConfiguration section */

/* Begin XCConfigurationList section */
		789D0C191E02EFBA0027EDB6 /* Build configuration list for PBXProject "sharpenyourself" */ = {
			isa = XCConfigurationList;
			buildConfigurations = (
				789D0C231E02EFBA0027EDB6 /* Debug */,
				789D0C241E02EFBA0027EDB6 /* Release */,
			);
			defaultConfigurationIsVisible = 0;
			defaultConfigurationName = Release;
		};
		789D0C251E02EFBA0027EDB6 /* Build configuration list for PBXNativeTarget "sharpenyourself" */ = {
			isa = XCConfigurationList;
			buildConfigurations = (
				789D0C261E02EFBA0027EDB6 /* Debug */,
				789D0C271E02EFBA0027EDB6 /* Release */,
			);
			defaultConfigurationIsVisible = 0;
			defaultConfigurationName = Release;
		};
/* End XCConfigurationList section */
	};
	rootObject = 789D0C161E02EFBA0027EDB6 /* Project object */;
}
